
Microsoft Visual Studio Solution File, Format Version 12.00
# Visual Studio Version 16
VisualStudioVersion = 25.0.1706.5
MinimumVisualStudioVersion = 10.0.40219.1
Project("{FAE04EC0-301F-11D3-BF4B-00C04F79EFBC}") = "ecommerce", "ecommerce.csproj", "{7D0ED2D5-55B0-4E9C-8FA1-7F40D17CC415}"
EndProject
Global
	GlobalSection(SolutionConfigurationPlatforms) = preSolution
		Debug|Any CPU = Debug|Any CPU
		Release|Any CPU = Release|Any CPU
	EndGlobalSection
	GlobalSection(ProjectConfigurationPlatforms) = postSolution
		{7D0ED2D5-55B0-4E9C-8FA1-7F40D17CC415}.Debug|Any CPU.ActiveCfg = Debug|Any CPU
		{7D0ED2D5-55B0-4E9C-8FA1-7F40D17CC415}.Debug|Any CPU.Build.0 = Debug|Any CPU
		{7D0ED2D5-55B0-4E9C-8FA1-7F40D17CC415}.Release|Any CPU.ActiveCfg = Release|Any CPU
		{7D0ED2D5-55B0-4E9C-8FA1-7F40D17CC415}.Release|Any CPU.Build.0 = Release|Any CPU
	EndGlobalSection
	GlobalSection(SolutionProperties) = preSolution
		HideSolutionNode = FALSE
	EndGlobalSection
	GlobalSection(ExtensibilityGlobals) = postSolution
		SolutionGuid = {B432C2A8-D614-45AB-A12E-F96C5F28A5F1}
	EndGlobalSection
EndGlobal
